
Microsoft Visual Studio Solution File, Format Version 12.00
# Visual Studio 15
VisualStudioVersion = 15.0.27703.2047
MinimumVisualStudioVersion = 10.0.40219.1
Project("{FAE04EC0-301F-11D3-BF4B-00C04F79EFBC}") = "FarazAliProject3B", "FarazAliProject3A\FarazAliProject3B.csproj", "{2649AEE4-340C-4E1E-A28E-3AB348C4939E}"
EndProject
Global
	GlobalSection(SolutionConfigurationPlatforms) = preSolution
		Debug|Any CPU = Debug|Any CPU
		Release|Any CPU = Release|Any CPU
	EndGlobalSection
	GlobalSection(ProjectConfigurationPlatforms) = postSolution
		{2649AEE4-340C-4E1E-A28E-3AB348C4939E}.Debug|Any CPU.ActiveCfg = Debug|Any CPU
		{2649AEE4-340C-4E1E-A28E-3AB348C4939E}.Debug|Any CPU.Build.0 = Debug|Any CPU
		{2649AEE4-340C-4E1E-A28E-3AB348C4939E}.Release|Any CPU.ActiveCfg = Release|Any CPU
		{2649AEE4-340C-4E1E-A28E-3AB348C4939E}.Release|Any CPU.Build.0 = Release|Any CPU
	EndGlobalSection
	GlobalSection(SolutionProperties) = preSolution
		HideSolutionNode = FALSE
	EndGlobalSection
	GlobalSection(ExtensibilityGlobals) = postSolution
		SolutionGuid = {8A971489-9365-4BCD-A324-C99D0F988AED}
	EndGlobalSection
EndGlobal
